
Microsoft Visual Studio Solution File, Format Version 12.00
# Visual Studio Version 17
VisualStudioVersion = 17.7.34018.315
MinimumVisualStudioVersion = 10.0.40219.1
Project("{FAE04EC0-301F-11D3-BF4B-00C04F79EFBC}") = "ConfettiEffectExample", "ConfettiEffectExample\ConfettiEffectExample.csproj", "{1780C104-25E2-4C33-B9AC-8E0B73CB3B8B}"
EndProject
Global
	GlobalSection(SolutionConfigurationPlatforms) = preSolution
		Debug|Any CPU = Debug|Any CPU
		Release|Any CPU = Release|Any CPU
	EndGlobalSection
	GlobalSection(ProjectConfigurationPlatforms) = postSolution
		{1780C104-25E2-4C33-B9AC-8E0B73CB3B8B}.Debug|Any CPU.ActiveCfg = Debug|Any CPU
		{1780C104-25E2-4C33-B9AC-8E0B73CB3B8B}.Debug|Any CPU.Build.0 = Debug|Any CPU
		{1780C104-25E2-4C33-B9AC-8E0B73CB3B8B}.Release|Any CPU.ActiveCfg = Release|Any CPU
		{1780C104-25E2-4C33-B9AC-8E0B73CB3B8B}.Release|Any CPU.Build.0 = Release|Any CPU
	EndGlobalSection
	GlobalSection(SolutionProperties) = preSolution
		HideSolutionNode = FALSE
	EndGlobalSection
	GlobalSection(ExtensibilityGlobals) = postSolution
		SolutionGuid = {EF36B77C-B251-4E11-A817-2F015CDC4954}
	EndGlobalSection
EndGlobal
